
Microsoft Visual Studio Solution File, Format Version 12.00
# Visual Studio Version 17
VisualStudioVersion = 17.1.32421.90
MinimumVisualStudioVersion = 10.0.40219.1
Project("{9092AA53-FB77-4645-B42D-1CCCA6BD08BD}") = "NodejsServer", "NodejsServer.njsproj", "{B6D2A128-F0AF-415F-B191-0337E085B3CA}"
EndProject
Global
	GlobalSection(SolutionConfigurationPlatforms) = preSolution
		Debug|Any CPU = Debug|Any CPU
		Release|Any CPU = Release|Any CPU
	EndGlobalSection
	GlobalSection(ProjectConfigurationPlatforms) = postSolution
		{B6D2A128-F0AF-415F-B191-0337E085B3CA}.Debug|Any CPU.ActiveCfg = Debug|Any CPU
		{B6D2A128-F0AF-415F-B191-0337E085B3CA}.Debug|Any CPU.Build.0 = Debug|Any CPU
		{B6D2A128-F0AF-415F-B191-0337E085B3CA}.Release|Any CPU.ActiveCfg = Release|Any CPU
		{B6D2A128-F0AF-415F-B191-0337E085B3CA}.Release|Any CPU.Build.0 = Release|Any CPU
	EndGlobalSection
	GlobalSection(SolutionProperties) = preSolution
		HideSolutionNode = FALSE
	EndGlobalSection
	GlobalSection(ExtensibilityGlobals) = postSolution
		SolutionGuid = {4A2FD9F9-2A95-456D-9E1A-61F122938E57}
	EndGlobalSection
EndGlobal
